// !$*UTF8*$!
{
	archiveVersion = 1;
	classes = {
	};
	objectVersion = 46;
	objects = {

/* Begin PBXBuildFile section */
		7C77CB714BEC42CB31224E1B /* libPods-MYQPlaceholderTextViewDemo.a in Frameworks */ = {isa = PBXBuildFile; fileRef = 6F8CE5A81EF7BCA54ED9188A /* libPods-MYQPlaceholderTextViewDemo.a */; };
		D81A0DD81D05954A00BCCBE4 /* main.m in Sources */ = {isa = PBXBuildFile; fileRef = D81A0DD71D05954A00BCCBE4 /* main.m */; };
		D81A0DDB1D05954A00BCCBE4 /* AppDelegate.m in Sources */ = {isa = PBXBuildFile; fileRef = D81A0DDA1D05954A00BCCBE4 /* AppDelegate.m */; };
		D81A0DDE1D05954A00BCCBE4 /* ViewController.m in Sources */ = {isa = PBXBuildFile; fileRef = D81A0DDD1D05954A00BCCBE4 /* ViewController.m */; };
		D81A0DE11D05954A00BCCBE4 /* Main.storyboard in Resources */ = {isa = PBXBuildFile; fileRef = D81A0DDF1D05954A00BCCBE4 /* Main.storyboard */; };
		D81A0DE31D05954A00BCCBE4 /* Assets.xcassets in Resources */ = {isa = PBXBuildFile; fileRef = D81A0DE21D05954A00BCCBE4 /* Assets.xcassets */; };
		D81A0DE61D05954A00BCCBE4 /* LaunchScreen.storyboard in Resources */ = {isa = PBXBuildFile; fileRef = D81A0DE41D05954A00BCCBE4 /* LaunchScreen.storyboard */; };
		D81A0DF01D05963C00BCCBE4 /* MYQPlaceholderTextView.m in Sources */ = {isa = PBXBuildFile; fileRef = D81A0DEF1D05963C00BCCBE4 /* MYQPlaceholderTextView.m */; };
/* End PBXBuildFile section */

/* Begin PBXFileReference section */
		15F718360F8311025A9BC284 /* Pods-MYQPlaceholderTextViewDemo.release.xcconfig */ = {isa = PBXFileReference; includeInIndex = 1; lastKnownFileType = text.xcconfig; name = "Pods-MYQPlaceholderTextViewDemo.release.xcconfig"; path = "Pods/Target Support Files/Pods-MYQPlaceholderTextViewDemo/Pods-MYQPlaceholderTextViewDemo.release.xcconfig"; sourceTree = "<group>"; };
		6759C3476A7810615F01B20D /* Pods-MYQPlaceholderTextViewDemo.debug.xcconfig */ = {isa = PBXFileReference; includeInIndex = 1; lastKnownFileType = text.xcconfig; name = "Pods-MYQPlaceholderTextViewDemo.debug.xcconfig"; path = "Pods/Target Support Files/Pods-MYQPlaceholderTextViewDemo/Pods-MYQPlaceholderTextViewDemo.debug.xcconfig"; sourceTree = "<group>"; };
		6F8CE5A81EF7BCA54ED9188A /* libPods-MYQPlaceholderTextViewDemo.a */ = {isa = PBXFileReference; explicitFileType = archive.ar; includeInIndex = 0; path = "libPods-MYQPlaceholderTextViewDemo.a"; sourceTree = BUILT_PRODUCTS_DIR; };
		D81A0DD31D05954A00BCCBE4 /* MYQPlaceholderTextViewDemo.app */ = {isa = PBXFileReference; explicitFileType = wrapper.application; includeInIndex = 0; path = MYQPlaceholderTextViewDemo.app; sourceTree = BUILT_PRODUCTS_DIR; };
		D81A0DD71D05954A00BCCBE4 /* main.m */ = {isa = PBXFileReference; lastKnownFileType = sourcecode.c.objc; path = main.m; sourceTree = "<group>"; };
		D81A0DD91D05954A00BCCBE4 /* AppDelegate.h */ = {isa = PBXFileReference; lastKnownFileType = sourcecode.c.h; path = AppDelegate.h; sourceTree = "<group>"; };
		D81A0DDA1D05954A00BCCBE4 /* AppDelegate.m */ = {isa = PBXFileReference; lastKnownFileType = sourcecode.c.objc; path = AppDelegate.m; sourceTree = "<group>"; };
		D81A0DDC1D05954A00BCCBE4 /* ViewController.h */ = {isa = PBXFileReference; lastKnownFileType = sourcecode.c.h; path = ViewController.h; sourceTree = "<group>"; };
		D81A0DDD1D05954A00BCCBE4 /* ViewController.m */ = {isa = PBXFileReference; lastKnownFileType = sourcecode.c.objc; path = ViewController.m; sourceTree = "<group>"; };
		D81A0DE01D05954A00BCCBE4 /* Base */ = {isa = PBXFileReference; lastKnownFileType = file.storyboard; name = Base; path = Base.lproj/Main.storyboard; sourceTree = "<group>"; };
		D81A0DE21D05954A00BCCBE4 /* Assets.xcassets */ = {isa = PBXFileReference; lastKnownFileType = folder.assetcatalog; path = Assets.xcassets; sourceTree = "<group>"; };
		D81A0DE51D05954A00BCCBE4 /* Base */ = {isa = PBXFileReference; lastKnownFileType = file.storyboard; name = Base; path = Base.lproj/LaunchScreen.storyboard; sourceTree = "<group>"; };
		D81A0DE71D05954A00BCCBE4 /* Info.plist */ = {isa = PBXFileReference; lastKnownFileType = text.plist.xml; path = Info.plist; sourceTree = "<group>"; };
		D81A0DEE1D05963C00BCCBE4 /* MYQPlaceholderTextView.h */ = {isa = PBXFileReference; fileEncoding = 4; lastKnownFileType = sourcecode.c.h; path = MYQPlaceholderTextView.h; sourceTree = "<group>"; };
		D81A0DEF1D05963C00BCCBE4 /* MYQPlaceholderTextView.m */ = {isa = PBXFileReference; fileEncoding = 4; lastKnownFileType = sourcecode.c.objc; path = MYQPlaceholderTextView.m; sourceTree = "<group>"; };
/* End PBXFileReference section */

/* Begin PBXFrameworksBuildPhase section */
		D81A0DD01D05954A00BCCBE4 /* Frameworks */ = {
			isa = PBXFrameworksBuildPhase;
			buildActionMask = 2147483647;
			files = (
				7C77CB714BEC42CB31224E1B /* libPods-MYQPlaceholderTextViewDemo.a in Frameworks */,
			);
			runOnlyForDeploymentPostprocessing = 0;
		};
/* End PBXFrameworksBuildPhase section */

/* Begin PBXGroup section */
		921DCC4996D55C52434420D5 /* Frameworks */ = {
			isa = PBXGroup;
			children = (
				6F8CE5A81EF7BCA54ED9188A /* libPods-MYQPlaceholderTextViewDemo.a */,
			);
			name = Frameworks;
			sourceTree = "<group>";
		};
		D81A0DCA1D05954900BCCBE4 = {
			isa = PBXGroup;
			children = (
				D81A0DED1D05962800BCCBE4 /* MYQPlaceholderTextView */,
				D81A0DD51D05954A00BCCBE4 /* MYQPlaceholderTextViewDemo */,
				D81A0DD41D05954A00BCCBE4 /* Products */,
				E577FE0DDB4FB98A0836D0EE /* Pods */,
				921DCC4996D55C52434420D5 /* Frameworks */,
			);
			sourceTree = "<group>";
		};
		D81A0DD41D05954A00BCCBE4 /* Products */ = {
			isa = PBXGroup;
			children = (
				D81A0DD31D05954A00BCCBE4 /* MYQPlaceholderTextViewDemo.app */,
			);
			name = Products;
			sourceTree = "<group>";
		};
		D81A0DD51D05954A00BCCBE4 /* MYQPlaceholderTextViewDemo */ = {
			isa = PBXGroup;
			children = (
				D81A0DD91D05954A00BCCBE4 /* AppDelegate.h */,
				D81A0DDA1D05954A00BCCBE4 /* AppDelegate.m */,
				D81A0DDC1D05954A00BCCBE4 /* ViewController.h */,
				D81A0DDD1D05954A00BCCBE4 /* ViewController.m */,
				D81A0DDF1D05954A00BCCBE4 /* Main.storyboard */,
				D81A0DE21D05954A00BCCBE4 /* Assets.xcassets */,
				D81A0DE41D05954A00BCCBE4 /* LaunchScreen.storyboard */,
				D81A0DE71D05954A00BCCBE4 /* Info.plist */,
				D81A0DD61D05954A00BCCBE4 /* Supporting Files */,
			);
			path = MYQPlaceholderTextViewDemo;
			sourceTree = "<group>";
		};
		D81A0DD61D05954A00BCCBE4 /* Supporting Files */ = {
			isa = PBXGroup;
			children = (
				D81A0DD71D05954A00BCCBE4 /* main.m */,
			);
			name = "Supporting Files";
			sourceTree = "<group>";
		};
		D81A0DED1D05962800BCCBE4 /* MYQPlaceholderTextView */ = {
			isa = PBXGroup;
			children = (
				D81A0DEE1D05963C00BCCBE4 /* MYQPlaceholderTextView.h */,
				D81A0DEF1D05963C00BCCBE4 /* MYQPlaceholderTextView.m */,
			);
			name = MYQPlaceholderTextView;
			path = ../MYQPlaceholderTextView;
			sourceTree = "<group>";
		};
		E577FE0DDB4FB98A0836D0EE /* Pods */ = {
			isa = PBXGroup;
			children = (
				6759C3476A7810615F01B20D /* Pods-MYQPlaceholderTextViewDemo.debug.xcconfig */,
				15F718360F8311025A9BC284 /* Pods-MYQPlaceholderTextViewDemo.release.xcconfig */,
			);
			name = Pods;
			sourceTree = "<group>";
		};
/* End PBXGroup section */

/* Begin PBXNativeTarget section */
		D81A0DD21D05954A00BCCBE4 /* MYQPlaceholderTextViewDemo */ = {
			isa = PBXNativeTarget;
			buildConfigurationList = D81A0DEA1D05954A00BCCBE4 /* Build configuration list for PBXNativeTarget "MYQPlaceholderTextViewDemo" */;
			buildPhases = (
				08FB813AA1271B25E3CAA761 /* [CP] Check Pods Manifest.lock */,
				D81A0DCF1D05954A00BCCBE4 /* Sources */,
				D81A0DD01D05954A00BCCBE4 /* Frameworks */,
				D81A0DD11D05954A00BCCBE4 /* Resources */,
				83C70534BF173ED9B1736174 /* [CP] Embed Pods Frameworks */,
				0B1FC66B23197DB0FE5EC940 /* [CP] Copy Pods Resources */,
			);
			buildRules = (
			);
			dependencies = (
			);
			name = MYQPlaceholderTextViewDemo;
			productName = MYQPlaceholderTextViewDemo;
			productReference = D81A0DD31D05954A00BCCBE4 /* MYQPlaceholderTextViewDemo.app */;
			productType = "com.apple.product-type.application";
		};
/* End PBXNativeTarget section */

/* Begin PBXProject section */
		D81A0DCB1D05954A00BCCBE4 /* Project object */ = {
			isa = PBXProject;
			attributes = {
				LastUpgradeCheck = 0730;
				ORGANIZATIONNAME = yiquan;
				TargetAttributes = {
					D81A0DD21D05954A00BCCBE4 = {
						CreatedOnToolsVersion = 7.3.1;
					};
				};
			};
			buildConfigurationList = D81A0DCE1D05954A00BCCBE4 /* Build configuration list for PBXProject "MYQPlaceholderTextViewDemo" */;
			compatibilityVersion = "Xcode 3.2";
			developmentRegion = English;
			hasScannedForEncodings = 0;
			knownRegions = (
				en,
				Base,
			);
			mainGroup = D81A0DCA1D05954900BCCBE4;
			productRefGroup = D81A0DD41D05954A00BCCBE4 /* Products */;
			projectDirPath = "";
			projectRoot = "";
			targets = (
				D81A0DD21D05954A00BCCBE4 /* MYQPlaceholderTextViewDemo */,
			);
		};
/* End PBXProject section */

/* Begin PBXResourcesBuildPhase section */
		D81A0DD11D05954A00BCCBE4 /* Resources */ = {
			isa = PBXResourcesBuildPhase;
			buildActionMask = 2147483647;
			files = (
				D81A0DE61D05954A00BCCBE4 /* LaunchScreen.storyboard in Resources */,
				D81A0DE31D05954A00BCCBE4 /* Assets.xcassets in Resources */,
				D81A0DE11D05954A00BCCBE4 /* Main.storyboard in Resources */,
			);
			runOnlyForDeploymentPostprocessing = 0;
		};
/* End PBXResourcesBuildPhase section */

/* Begin PBXShellScriptBuildPhase section */
		08FB813AA1271B25E3CAA761 /* [CP] Check Pods Manifest.lock */ = {
			isa = PBXShellScriptBuildPhase;
			buildActionMask = 2147483647;
			files = (
			);
			inputPaths = (
			);
			name = "[CP] Check Pods Manifest.lock";
			outputPaths = (
			);
			runOnlyForDeploymentPostprocessing = 0;
			shellPath = /bin/sh;
			shellScript = "diff \"${PODS_ROOT}/../Podfile.lock\" \"${PODS_ROOT}/Manifest.lock\" > /dev/null\nif [[ $? != 0 ]] ; then\n    cat << EOM\nerror: The sandbox is not in sync with the Podfile.lock. Run 'pod install' or update your CocoaPods installation.\nEOM\n    exit 1\nfi\n";
			showEnvVarsInLog = 0;
		};
		0B1FC66B23197DB0FE5EC940 /* [CP] Copy Pods Resources */ = {
			isa = PBXShellScriptBuildPhase;
			buildActionMask = 2147483647;
			files = (
			);
			inputPaths = (
			);
			name = "[CP] Copy Pods Resources";
			outputPaths = (
			);
			runOnlyForDeploymentPostprocessing = 0;
			shellPath = /bin/sh;
			shellScript = "\"${SRCROOT}/Pods/Target Support Files/Pods-MYQPlaceholderTextViewDemo/Pods-MYQPlaceholderTextViewDemo-resources.sh\"\n";
			showEnvVarsInLog = 0;
		};
		83C70534BF173ED9B1736174 /* [CP] Embed Pods Frameworks */ = {
			isa = PBXShellScriptBuildPhase;
			buildActionMask = 2147483647;
			files = (
			);
			inputPaths = (
			);
			name = "[CP] Embed Pods Frameworks";
			outputPaths = (
			);
			runOnlyForDeploymentPostprocessing = 0;
			shellPath = /bin/sh;
			shellScript = "\"${SRCROOT}/Pods/Target Support Files/Pods-MYQPlaceholderTextViewDemo/Pods-MYQPlaceholderTextViewDemo-frameworks.sh\"\n";
			showEnvVarsInLog = 0;
		};
/* End PBXShellScriptBuildPhase section */

/* Begin PBXSourcesBuildPhase section */
		D81A0DCF1D05954A00BCCBE4 /* Sources */ = {
			isa = PBXSourcesBuildPhase;
			buildActionMask = 2147483647;
			files = (
				D81A0DDE1D05954A00BCCBE4 /* ViewController.m in Sources */,
				D81A0DF01D05963C00BCCBE4 /* MYQPlaceholderTextView.m in Sources */,
				D81A0DDB1D05954A00BCCBE4 /* AppDelegate.m in Sources */,
				D81A0DD81D05954A00BCCBE4 /* main.m in Sources */,
			);
			runOnlyForDeploymentPostprocessing = 0;
		};
/* End PBXSourcesBuildPhase section */

/* Begin PBXVariantGroup section */
		D81A0DDF1D05954A00BCCBE4 /* Main.storyboard */ = {
			isa = PBXVariantGroup;
			children = (
				D81A0DE01D05954A00BCCBE4 /* Base */,
			);
			name = Main.storyboard;
			sourceTree = "<group>";
		};
		D81A0DE41D05954A00BCCBE4 /* LaunchScreen.storyboard */ = {
			isa = PBXVariantGroup;
			children = (
				D81A0DE51D05954A00BCCBE4 /* Base */,
			);
			name = LaunchScreen.storyboard;
			sourceTree = "<group>";
		};
/* End PBXVariantGroup section */

/* Begin XCBuildConfiguration section */
		D81A0DE81D05954A00BCCBE4 /* Debug */ = {
			isa = XCBuildConfiguration;
			buildSettings = {
				ALWAYS_SEARCH_USER_PATHS = NO;
				CLANG_ANALYZER_NONNULL = YES;
				CLANG_CXX_LANGUAGE_STANDARD = "gnu++0x";
				CLANG_CXX_LIBRARY = "libc++";
				CLANG_ENABLE_MODULES = YES;
				CLANG_ENABLE_OBJC_ARC = YES;
				CLANG_WARN_BOOL_CONVERSION = YES;
				CLANG_WARN_CONSTANT_CONVERSION = YES;
				CLANG_WARN_DIRECT_OBJC_ISA_USAGE = YES_ERROR;
				CLANG_WARN_EMPTY_BODY = YES;
				CLANG_WARN_ENUM_CONVERSION = YES;
				CLANG_WARN_INT_CONVERSION = YES;
				CLANG_WARN_OBJC_ROOT_CLASS = YES_ERROR;
				CLANG_WARN_UNREACHABLE_CODE = YES;
				CLANG_WARN__DUPLICATE_METHOD_MATCH = YES;
				"CODE_SIGN_IDENTITY[sdk=iphoneos*]" = "iPhone Developer";
				COPY_PHASE_STRIP = NO;
				DEBUG_INFORMATION_FORMAT = dwarf;
				ENABLE_STRICT_OBJC_MSGSEND = YES;
				ENABLE_TESTABILITY = YES;
				GCC_C_LANGUAGE_STANDARD = gnu99;
				GCC_DYNAMIC_NO_PIC = NO;
				GCC_NO_COMMON_BLOCKS = YES;
				GCC_OPTIMIZATION_LEVEL = 0;
				GCC_PREPROCESSOR_DEFINITIONS = (
					"DEBUG=1",
					"$(inherited)",
				);
				GCC_WARN_64_TO_32_BIT_CONVERSION = YES;
				GCC_WARN_ABOUT_RETURN_TYPE = YES_ERROR;
				GCC_WARN_UNDECLARED_SELECTOR = YES;
				GCC_WARN_UNINITIALIZED_AUTOS = YES_AGGRESSIVE;
				GCC_WARN_UNUSED_FUNCTION = YES;
				GCC_WARN_UNUSED_VARIABLE = YES;
				IPHONEOS_DEPLOYMENT_TARGET = 9.3;
				MTL_ENABLE_DEBUG_INFO = YES;
				ONLY_ACTIVE_ARCH = YES;
				SDKROOT = iphoneos;
				TARGETED_DEVICE_FAMILY = "1,2";
			};
			name = Debug;
		};
		D81A0DE91D05954A00BCCBE4 /* Release */ = {
			isa = XCBuildConfiguration;
			buildSettings = {
				ALWAYS_SEARCH_USER_PATHS = NO;
				CLANG_ANALYZER_NONNULL = YES;
				CLANG_CXX_LANGUAGE_STANDARD = "gnu++0x";
				CLANG_CXX_LIBRARY = "libc++";
				CLANG_ENABLE_MODULES = YES;
				CLANG_ENABLE_OBJC_ARC = YES;
				CLANG_WARN_BOOL_CONVERSION = YES;
				CLANG_WARN_CONSTANT_CONVERSION = YES;
				CLANG_WARN_DIRECT_OBJC_ISA_USAGE = YES_ERROR;
				CLANG_WARN_EMPTY_BODY = YES;
				CLANG_WARN_ENUM_CONVERSION = YES;
				CLANG_WARN_INT_CONVERSION = YES;
				CLANG_WARN_OBJC_ROOT_CLASS = YES_ERROR;
				CLANG_WARN_UNREACHABLE_CODE = YES;
				CLANG_WARN__DUPLICATE_METHOD_MATCH = YES;
				"CODE_SIGN_IDENTITY[sdk=iphoneos*]" = "iPhone Developer";
				COPY_PHASE_STRIP = NO;
				DEBUG_INFORMATION_FORMAT = "dwarf-with-dsym";
				ENABLE_NS_ASSERTIONS = NO;
				ENABLE_STRICT_OBJC_MSGSEND = YES;
				GCC_C_LANGUAGE_STANDARD = gnu99;
				GCC_NO_COMMON_BLOCKS = YES;
				GCC_WARN_64_TO_32_BIT_CONVERSION = YES;
				GCC_WARN_ABOUT_RETURN_TYPE = YES_ERROR;
				GCC_WARN_UNDECLARED_SELECTOR = YES;
				GCC_WARN_UNINITIALIZED_AUTOS = YES_AGGRESSIVE;
				GCC_WARN_UNUSED_FUNCTION = YES;
				GCC_WARN_UNUSED_VARIABLE = YES;
				IPHONEOS_DEPLOYMENT_TARGET = 9.3;
				MTL_ENABLE_DEBUG_INFO = NO;
				SDKROOT = iphoneos;
				TARGETED_DEVICE_FAMILY = "1,2";
				VALIDATE_PRODUCT = YES;
			};
			name = Release;
		};
		D81A0DEB1D05954A00BCCBE4 /* Debug */ = {
			isa = XCBuildConfiguration;
			baseConfigurationReference = 6759C3476A7810615F01B20D /* Pods-MYQPlaceholderTextViewDemo.debug.xcconfig */;
			buildSettings = {
				ASSETCATALOG_COMPILER_APPICON_NAME = AppIcon;
				INFOPLIST_FILE = MYQPlaceholderTextViewDemo/Info.plist;
				LD_RUNPATH_SEARCH_PATHS = "$(inherited) @executable_path/Frameworks";
				PRODUCT_BUNDLE_IDENTIFIER = com.yiquan.MYQPlaceholderTextViewDemo;
				PRODUCT_NAME = "$(TARGET_NAME)";
			};
			name = Debug;
		};
		D81A0DEC1D05954A00BCCBE4 /* Release */ = {
			isa = XCBuildConfiguration;
			baseConfigurationReference = 15F718360F8311025A9BC284 /* Pods-MYQPlaceholderTextViewDemo.release.xcconfig */;
			buildSettings = {
				ASSETCATALOG_COMPILER_APPICON_NAME = AppIcon;
				INFOPLIST_FILE = MYQPlaceholderTextViewDemo/Info.plist;
				LD_RUNPATH_SEARCH_PATHS = "$(inherited) @executable_path/Frameworks";
				PRODUCT_BUNDLE_IDENTIFIER = com.yiquan.MYQPlaceholderTextViewDemo;
				PRODUCT_NAME = "$(TARGET_NAME)";
			};
			name = Release;
		};
/* End XCBuildConfiguration section */

/* Begin XCConfigurationList section */
		D81A0DCE1D05954A00BCCBE4 /* Build configuration list for PBXProject "MYQPlaceholderTextViewDemo" */ = {
			isa = XCConfigurationList;
			buildConfigurations = (
				D81A0DE81D05954A00BCCBE4 /* Debug */,
				D81A0DE91D05954A00BCCBE4 /* Release */,
			);
			defaultConfigurationIsVisible = 0;
			defaultConfigurationName = Release;
		};
		D81A0DEA1D05954A00BCCBE4 /* Build configuration list for PBXNativeTarget "MYQPlaceholderTextViewDemo" */ = {
			isa = XCConfigurationList;
			buildConfigurations = (
				D81A0DEB1D05954A00BCCBE4 /* Debug */,
				D81A0DEC1D05954A00BCCBE4 /* Release */,
			);
			defaultConfigurationIsVisible = 0;
			defaultConfigurationName = Release;
		};
/* End XCConfigurationList section */
	};
	rootObject = D81A0DCB1D05954A00BCCBE4 /* Project object */;
}
